
Microsoft Visual Studio Solution File, Format Version 12.00
# Visual Studio Version 17
VisualStudioVersion = 17.5.002.0
MinimumVisualStudioVersion = 10.0.40219.1
Project("{9A19103F-16F7-4668-BE54-9A1E7A4F7556}") = "MicrosoftGraph", "MicrosoftGraph.csproj", "{A6D6EFFB-5D3B-4EA6-ACA1-9673A650BCCD}"
EndProject
Global
	GlobalSection(SolutionConfigurationPlatforms) = preSolution
		Debug|Any CPU = Debug|Any CPU
		Release|Any CPU = Release|Any CPU
	EndGlobalSection
	GlobalSection(ProjectConfigurationPlatforms) = postSolution
		{A6D6EFFB-5D3B-4EA6-ACA1-9673A650BCCD}.Debug|Any CPU.ActiveCfg = Debug|Any CPU
		{A6D6EFFB-5D3B-4EA6-ACA1-9673A650BCCD}.Debug|Any CPU.Build.0 = Debug|Any CPU
		{A6D6EFFB-5D3B-4EA6-ACA1-9673A650BCCD}.Release|Any CPU.ActiveCfg = Release|Any CPU
		{A6D6EFFB-5D3B-4EA6-ACA1-9673A650BCCD}.Release|Any CPU.Build.0 = Release|Any CPU
	EndGlobalSection
	GlobalSection(SolutionProperties) = preSolution
		HideSolutionNode = FALSE
	EndGlobalSection
	GlobalSection(ExtensibilityGlobals) = postSolution
		SolutionGuid = {FD8678CD-22CC-4B57-9FAB-F746B2188208}
	EndGlobalSection
EndGlobal
